
Microsoft Visual Studio Solution File, Format Version 12.00
# Visual Studio 15
VisualStudioVersion = 15.0.28307.168
MinimumVisualStudioVersion = 10.0.40219.1
Project("{9A19103F-16F7-4668-BE54-9A1E7A4F7556}") = "PinTools", "PinTools\PinTools.csproj", "{141760C2-DCD6-4FAF-B443-A89FC457596B}"
EndProject
Project("{2150E333-8FDC-42A3-9474-1A3956D46DE8}") = "Solution Items", "Solution Items", "{0A1E6CC5-6ECB-48DE-8BA6-D98A3D75799C}"
EndProject
Project("{9A19103F-16F7-4668-BE54-9A1E7A4F7556}") = "PinTools.Tests", "PINTools.Tests\PinTools.Tests.csproj", "{D07F9A44-5224-4B9A-80D8-48445B45E5AF}"
	ProjectSection(ProjectDependencies) = postProject
		{141760C2-DCD6-4FAF-B443-A89FC457596B} = {141760C2-DCD6-4FAF-B443-A89FC457596B}
	EndProjectSection
EndProject
Global
	GlobalSection(SolutionConfigurationPlatforms) = preSolution
		Debug|Any CPU = Debug|Any CPU
		Release|Any CPU = Release|Any CPU
	EndGlobalSection
	GlobalSection(ProjectConfigurationPlatforms) = postSolution
		{141760C2-DCD6-4FAF-B443-A89FC457596B}.Debug|Any CPU.ActiveCfg = Debug|Any CPU
		{141760C2-DCD6-4FAF-B443-A89FC457596B}.Debug|Any CPU.Build.0 = Debug|Any CPU
		{141760C2-DCD6-4FAF-B443-A89FC457596B}.Release|Any CPU.ActiveCfg = Release|Any CPU
		{141760C2-DCD6-4FAF-B443-A89FC457596B}.Release|Any CPU.Build.0 = Release|Any CPU
		{D07F9A44-5224-4B9A-80D8-48445B45E5AF}.Debug|Any CPU.ActiveCfg = Debug|Any CPU
		{D07F9A44-5224-4B9A-80D8-48445B45E5AF}.Debug|Any CPU.Build.0 = Debug|Any CPU
		{D07F9A44-5224-4B9A-80D8-48445B45E5AF}.Release|Any CPU.ActiveCfg = Release|Any CPU
		{D07F9A44-5224-4B9A-80D8-48445B45E5AF}.Release|Any CPU.Build.0 = Release|Any CPU
	EndGlobalSection
	GlobalSection(SolutionProperties) = preSolution
		HideSolutionNode = FALSE
	EndGlobalSection
	GlobalSection(ExtensibilityGlobals) = postSolution
		SolutionGuid = {9BBA13DF-9C80-4EDE-B0F7-E4F0A040A8B9}
	EndGlobalSection
EndGlobal
